{
  "name": "ranksmith",
  "version": "0.1.0",
  "lockfileVersion": 3,
  "requires": true,
  "packages": {
    "": {
      "name": "ranksmith",
      "version": "0.1.0",
      "workspaces": [
        "apps/*",
        "packages/*",
        "packages/indexing/*"
      ],
      "devDependencies": {
        "@types/node": "^24.13.3",
        "typescript": "^5.9.2"
      }
    },
    "apps/api": {
      "name": "@ranksmith/api",
      "version": "0.1.0"
    },
    "apps/web": {
      "name": "@ranksmith/web",
      "version": "0.1.0"
    },
    "node_modules/@ranksmith/api": {
      "resolved": "apps/api",
      "link": true
    },
    "node_modules/@ranksmith/core": {
      "resolved": "packages/core",
      "link": true
    },
    "node_modules/@ranksmith/indexing-dense": {
      "resolved": "packages/indexing/dense",
      "link": true
    },
    "node_modules/@ranksmith/indexing-sparse": {
      "resolved": "packages/indexing/sparse",
      "link": true
    },
    "node_modules/@ranksmith/ingestion": {
      "resolved": "packages/ingestion",
      "link": true
    },
    "node_modules/@ranksmith/observability": {
      "resolved": "packages/observability",
      "link": true
    },
    "node_modules/@ranksmith/retrieval": {
      "resolved": "packages/retrieval",
      "link": true
    },
    "node_modules/@ranksmith/web": {
      "resolved": "apps/web",
      "link": true
    },
    "node_modules/@types/node": {
      "version": "24.13.3",
      "resolved": "https://registry.npmjs.org/@types/node/-/node-24.13.3.tgz",
      "integrity": "sha512-Dh8vAsV36ig5wa9OX4pXvMc9D3Veibfw2wix0CUwYODLD8nkj9UsLjASr49nPg+2eKzxhBV+v7L8pXvT4e639Q==",
      "dev": true,
      "license": "MIT",
      "dependencies": {
        "undici-types": "~7.18.0"
      }
    },
    "node_modules/typescript": {
      "version": "5.9.3",
      "resolved": "https://registry.npmjs.org/typescript/-/typescript-5.9.3.tgz",
      "integrity": "sha512-jl1vZzPDinLr9eUt3J/t7V6FgNEw9QjvBPdysz9KfQDD41fQrC2Y4vKQdiaUpFT4bXlb1RHhLpp8wtm6M5TgSw==",
      "dev": true,
      "license": "Apache-2.0",
      "bin": {
        "tsc": "bin/tsc",
        "tsserver": "bin/tsserver"
      },
      "engines": {
        "node": ">=14.17"
      }
    },
    "node_modules/undici-types": {
      "version": "7.18.2",
      "resolved": "https://registry.npmjs.org/undici-types/-/undici-types-7.18.2.tgz",
      "integrity": "sha512-AsuCzffGHJybSaRrmr5eHr81mwJU3kjw6M+uprWvCXiNeN9SOGwQ3Jn8jb8m3Z6izVgknn1R0FTCEAP2QrLY/w==",
      "dev": true,
      "license": "MIT"
    },
    "packages/core": {
      "name": "@ranksmith/core",
      "version": "0.1.0"
    },
    "packages/indexing/dense": {
      "name": "@ranksmith/indexing-dense",
      "version": "0.1.0",
      "dependencies": {
        "@ranksmith/core": "*",
        "@ranksmith/retrieval": "*"
      }
    },
    "packages/indexing/sparse": {
      "name": "@ranksmith/indexing-sparse",
      "version": "0.1.0",
      "dependencies": {
        "@ranksmith/core": "*",
        "@ranksmith/retrieval": "*"
      }
    },
    "packages/ingestion": {
      "name": "@ranksmith/ingestion",
      "version": "0.1.0",
      "dependencies": {
        "@ranksmith/core": "*",
        "@ranksmith/observability": "*"
      }
    },
    "packages/observability": {
      "name": "@ranksmith/observability",
      "version": "0.1.0"
    },
    "packages/retrieval": {
      "name": "@ranksmith/retrieval",
      "version": "0.1.0",
      "dependencies": {
        "@ranksmith/core": "*"
      }
    }
  }
}
